
Microsoft Visual Studio Solution File, Format Version 12.00
# Visual Studio 15
VisualStudioVersion = 15.0.26430.6
MinimumVisualStudioVersion = 10.0.40219.1
Project("{FAE04EC0-301F-11D3-BF4B-00C04F79EFBC}") = "ContextAwareApp.Android", "ContextAwareApp\ContextAwareApp.Android\ContextAwareApp.Android.csproj", "{7C76A6D3-54F7-4E43-A132-1352E3802F07}"
EndProject
Project("{FAE04EC0-301F-11D3-BF4B-00C04F79EFBC}") = "ContextAwareApp", "ContextAwareApp\ContextAwareApp\ContextAwareApp.csproj", "{0F89DBA1-3255-4253-B1BA-9E18CA9FEDF0}"
EndProject
Project("{FAE04EC0-301F-11D3-BF4B-00C04F79EFBC}") = "ContextAwareApp.iOS", "ContextAwareApp\ContextAwareApp.iOS\ContextAwareApp.iOS.csproj", "{CCD8A619-F2B7-4208-855D-3DE3318EF49D}"
EndProject
Global
	GlobalSection(SolutionConfigurationPlatforms) = preSolution
		Ad-Hoc|Any CPU = Ad-Hoc|Any CPU
		Ad-Hoc|iPhone = Ad-Hoc|iPhone
		Ad-Hoc|iPhoneSimulator = Ad-Hoc|iPhoneSimulator
		AppStore|Any CPU = AppStore|Any CPU
		AppStore|iPhone = AppStore|iPhone
		AppStore|iPhoneSimulator = AppStore|iPhoneSimulator
		Debug|Any CPU = Debug|Any CPU
		Debug|iPhone = Debug|iPhone
		Debug|iPhoneSimulator = Debug|iPhoneSimulator
		Release|Any CPU = Release|Any CPU
		Release|iPhone = Release|iPhone
		Release|iPhoneSimulator = Release|iPhoneSimulator
	EndGlobalSection
	GlobalSection(ProjectConfigurationPlatforms) = postSolution
		{7C76A6D3-54F7-4E43-A132-1352E3802F07}.Ad-Hoc|Any CPU.ActiveCfg = Release|Any CPU
		{7C76A6D3-54F7-4E43-A132-1352E3802F07}.Ad-Hoc|Any CPU.Build.0 = Release|Any CPU
		{7C76A6D3-54F7-4E43-A132-1352E3802F07}.Ad-Hoc|Any CPU.Deploy.0 = Release|Any CPU
		{7C76A6D3-54F7-4E43-A132-1352E3802F07}.Ad-Hoc|iPhone.ActiveCfg = Release|Any CPU
		{7C76A6D3-54F7-4E43-A132-1352E3802F07}.Ad-Hoc|iPhone.Build.0 = Release|Any CPU
		{7C76A6D3-54F7-4E43-A132-1352E3802F07}.Ad-Hoc|iPhone.Deploy.0 = Release|Any CPU
		{7C76A6D3-54F7-4E43-A132-1352E3802F07}.Ad-Hoc|iPhoneSimulator.ActiveCfg = Release|Any CPU
		{7C76A6D3-54F7-4E43-A132-1352E3802F07}.Ad-Hoc|iPhoneSimulator.Build.0 = Release|Any CPU
		{7C76A6D3-54F7-4E43-A132-1352E3802F07}.Ad-Hoc|iPhoneSimulator.Deploy.0 = Release|Any CPU
		{7C76A6D3-54F7-4E43-A132-1352E3802F07}.AppStore|Any CPU.ActiveCfg = Release|Any CPU
		{7C76A6D3-54F7-4E43-A132-1352E3802F07}.AppStore|Any CPU.Build.0 = Release|Any CPU
		{7C76A6D3-54F7-4E43-A132-1352E3802F07}.AppStore|Any CPU.Deploy.0 = Release|Any CPU
		{7C76A6D3-54F7-4E43-A132-1352E3802F07}.AppStore|iPhone.ActiveCfg = Release|Any CPU
		{7C76A6D3-54F7-4E43-A132-1352E3802F07}.AppStore|iPhone.Build.0 = Release|Any CPU
		{7C76A6D3-54F7-4E43-A132-1352E3802F07}.AppStore|iPhone.Deploy.0 = Release|Any CPU
		{7C76A6D3-54F7-4E43-A132-1352E3802F07}.AppStore|iPhoneSimulator.ActiveCfg = Release|Any CPU
		{7C76A6D3-54F7-4E43-A132-1352E3802F07}.AppStore|iPhoneSimulator.Build.0 = Release|Any CPU
		{7C76A6D3-54F7-4E43-A132-1352E3802F07}.AppStore|iPhoneSimulator.Deploy.0 = Release|Any CPU
		{7C76A6D3-54F7-4E43-A132-1352E3802F07}.Debug|Any CPU.ActiveCfg = Debug|Any CPU
		{7C76A6D3-54F7-4E43-A132-1352E3802F07}.Debug|Any CPU.Build.0 = Debug|Any CPU
		{7C76A6D3-54F7-4E43-A132-1352E3802F07}.Debug|Any CPU.Deploy.0 = Debug|Any CPU
		{7C76A6D3-54F7-4E43-A132-1352E3802F07}.Debug|iPhone.ActiveCfg = Debug|Any CPU
		{7C76A6D3-54F7-4E43-A132-1352E3802F07}.Debug|iPhone.Build.0 = Debug|Any CPU
		{7C76A6D3-54F7-4E43-A132-1352E3802F07}.Debug|iPhone.Deploy.0 = Debug|Any CPU
		{7C76A6D3-54F7-4E43-A132-1352E3802F07}.Debug|iPhoneSimulator.ActiveCfg = Debug|Any CPU
		{7C76A6D3-54F7-4E43-A132-1352E3802F07}.Debug|iPhoneSimulator.Build.0 = Debug|Any CPU
		{7C76A6D3-54F7-4E43-A132-1352E3802F07}.Debug|iPhoneSimulator.Deploy.0 = Debug|Any CPU
		{7C76A6D3-54F7-4E43-A132-1352E3802F07}.Release|Any CPU.ActiveCfg = Release|Any CPU
		{7C76A6D3-54F7-4E43-A132-1352E3802F07}.Release|Any CPU.Build.0 = Release|Any CPU
		{7C76A6D3-54F7-4E43-A132-1352E3802F07}.Release|Any CPU.Deploy.0 = Release|Any CPU
		{7C76A6D3-54F7-4E43-A132-1352E3802F07}.Release|iPhone.ActiveCfg = Release|Any CPU
		{7C76A6D3-54F7-4E43-A132-1352E3802F07}.Release|iPhone.Build.0 = Release|Any CPU
		{7C76A6D3-54F7-4E43-A132-1352E3802F07}.Release|iPhone.Deploy.0 = Release|Any CPU
		{7C76A6D3-54F7-4E43-A132-1352E3802F07}.Release|iPhoneSimulator.ActiveCfg = Release|Any CPU
		{7C76A6D3-54F7-4E43-A132-1352E3802F07}.Release|iPhoneSimulator.Build.0 = Release|Any CPU
		{7C76A6D3-54F7-4E43-A132-1352E3802F07}.Release|iPhoneSimulator.Deploy.0 = Release|Any CPU
		{0F89DBA1-3255-4253-B1BA-9E18CA9FEDF0}.Ad-Hoc|Any CPU.ActiveCfg = Release|Any CPU
		{0F89DBA1-3255-4253-B1BA-9E18CA9FEDF0}.Ad-Hoc|Any CPU.Build.0 = Release|Any CPU
		{0F89DBA1-3255-4253-B1BA-9E18CA9FEDF0}.Ad-Hoc|iPhone.ActiveCfg = Release|Any CPU
		{0F89DBA1-3255-4253-B1BA-9E18CA9FEDF0}.Ad-Hoc|iPhone.Build.0 = Release|Any CPU
		{0F89DBA1-3255-4253-B1BA-9E18CA9FEDF0}.Ad-Hoc|iPhoneSimulator.ActiveCfg = Release|Any CPU
		{0F89DBA1-3255-4253-B1BA-9E18CA9FEDF0}.Ad-Hoc|iPhoneSimulator.Build.0 = Release|Any CPU
		{0F89DBA1-3255-4253-B1BA-9E18CA9FEDF0}.AppStore|Any CPU.ActiveCfg = Release|Any CPU
		{0F89DBA1-3255-4253-B1BA-9E18CA9FEDF0}.AppStore|Any CPU.Build.0 = Release|Any CPU
		{0F89DBA1-3255-4253-B1BA-9E18CA9FEDF0}.AppStore|iPhone.ActiveCfg = Release|Any CPU
		{0F89DBA1-3255-4253-B1BA-9E18CA9FEDF0}.AppStore|iPhone.Build.0 = Release|Any CPU
		{0F89DBA1-3255-4253-B1BA-9E18CA9FEDF0}.AppStore|iPhoneSimulator.ActiveCfg = Release|Any CPU
		{0F89DBA1-3255-4253-B1BA-9E18CA9FEDF0}.AppStore|iPhoneSimulator.Build.0 = Release|Any CPU
		{0F89DBA1-3255-4253-B1BA-9E18CA9FEDF0}.Debug|Any CPU.ActiveCfg = Debug|Any CPU
		{0F89DBA1-3255-4253-B1BA-9E18CA9FEDF0}.Debug|Any CPU.Build.0 = Debug|Any CPU
		{0F89DBA1-3255-4253-B1BA-9E18CA9FEDF0}.Debug|iPhone.ActiveCfg = Debug|Any CPU
		{0F89DBA1-3255-4253-B1BA-9E18CA9FEDF0}.Debug|iPhone.Build.0 = Debug|Any CPU
		{0F89DBA1-3255-4253-B1BA-9E18CA9FEDF0}.Debug|iPhoneSimulator.ActiveCfg = Debug|Any CPU
		{0F89DBA1-3255-4253-B1BA-9E18CA9FEDF0}.Debug|iPhoneSimulator.Build.0 = Debug|Any CPU
		{0F89DBA1-3255-4253-B1BA-9E18CA9FEDF0}.Release|Any CPU.ActiveCfg = Release|Any CPU
		{0F89DBA1-3255-4253-B1BA-9E18CA9FEDF0}.Release|Any CPU.Build.0 = Release|Any CPU
		{0F89DBA1-3255-4253-B1BA-9E18CA9FEDF0}.Release|iPhone.ActiveCfg = Release|Any CPU
		{0F89DBA1-3255-4253-B1BA-9E18CA9FEDF0}.Release|iPhone.Build.0 = Release|Any CPU
		{0F89DBA1-3255-4253-B1BA-9E18CA9FEDF0}.Release|iPhoneSimulator.ActiveCfg = Release|Any CPU
		{0F89DBA1-3255-4253-B1BA-9E18CA9FEDF0}.Release|iPhoneSimulator.Build.0 = Release|Any CPU
		{CCD8A619-F2B7-4208-855D-3DE3318EF49D}.Ad-Hoc|Any CPU.ActiveCfg = Ad-Hoc|iPhone
		{CCD8A619-F2B7-4208-855D-3DE3318EF49D}.Ad-Hoc|iPhone.ActiveCfg = Ad-Hoc|iPhone
		{CCD8A619-F2B7-4208-855D-3DE3318EF49D}.Ad-Hoc|iPhone.Build.0 = Ad-Hoc|iPhone
		{CCD8A619-F2B7-4208-855D-3DE3318EF49D}.Ad-Hoc|iPhoneSimulator.ActiveCfg = Ad-Hoc|iPhoneSimulator
		{CCD8A619-F2B7-4208-855D-3DE3318EF49D}.Ad-Hoc|iPhoneSimulator.Build.0 = Ad-Hoc|iPhoneSimulator
		{CCD8A619-F2B7-4208-855D-3DE3318EF49D}.AppStore|Any CPU.ActiveCfg = AppStore|iPhone
		{CCD8A619-F2B7-4208-855D-3DE3318EF49D}.AppStore|iPhone.ActiveCfg = AppStore|iPhone
		{CCD8A619-F2B7-4208-855D-3DE3318EF49D}.AppStore|iPhone.Build.0 = AppStore|iPhone
		{CCD8A619-F2B7-4208-855D-3DE3318EF49D}.AppStore|iPhoneSimulator.ActiveCfg = AppStore|iPhoneSimulator
		{CCD8A619-F2B7-4208-855D-3DE3318EF49D}.AppStore|iPhoneSimulator.Build.0 = AppStore|iPhoneSimulator
		{CCD8A619-F2B7-4208-855D-3DE3318EF49D}.Debug|Any CPU.ActiveCfg = Debug|iPhone
		{CCD8A619-F2B7-4208-855D-3DE3318EF49D}.Debug|iPhone.ActiveCfg = Debug|iPhone
		{CCD8A619-F2B7-4208-855D-3DE3318EF49D}.Debug|iPhone.Build.0 = Debug|iPhone
		{CCD8A619-F2B7-4208-855D-3DE3318EF49D}.Debug|iPhoneSimulator.ActiveCfg = Debug|iPhoneSimulator
		{CCD8A619-F2B7-4208-855D-3DE3318EF49D}.Debug|iPhoneSimulator.Build.0 = Debug|iPhoneSimulator
		{CCD8A619-F2B7-4208-855D-3DE3318EF49D}.Release|Any CPU.ActiveCfg = Release|iPhone
		{CCD8A619-F2B7-4208-855D-3DE3318EF49D}.Release|iPhone.ActiveCfg = Release|iPhone
		{CCD8A619-F2B7-4208-855D-3DE3318EF49D}.Release|iPhone.Build.0 = Release|iPhone
		{CCD8A619-F2B7-4208-855D-3DE3318EF49D}.Release|iPhoneSimulator.ActiveCfg = Release|iPhoneSimulator
		{CCD8A619-F2B7-4208-855D-3DE3318EF49D}.Release|iPhoneSimulator.Build.0 = Release|iPhoneSimulator
	EndGlobalSection
	GlobalSection(SolutionProperties) = preSolution
		HideSolutionNode = FALSE
	EndGlobalSection
EndGlobal
